
Microsoft Visual Studio Solution File, Format Version 12.00
# Visual Studio Version 17
VisualStudioVersion = 17.10.35013.160
MinimumVisualStudioVersion = 10.0.40219.1
Project("{8BC9CEB8-8B4A-11D0-8D11-00A0C91BC942}") = "3-1", "3-1.vcxproj", "{75D19933-6F36-4D04-BCE3-FA8C5586952A}"
EndProject
Project("{8BC9CEB8-8B4A-11D0-8D11-00A0C91BC942}") = "3-2", "..\3-2\3-2.vcxproj", "{C447A82A-E3FA-432A-9AF7-DF6E22322F93}"
EndProject
Project("{8BC9CEB8-8B4A-11D0-8D11-00A0C91BC942}") = "3-3", "..\3-3\3-3.vcxproj", "{DBB6893A-0E9A-4433-85D0-342D42B78DB9}"
EndProject
Project("{8BC9CEB8-8B4A-11D0-8D11-00A0C91BC942}") = "3-4", "..\3-4\3-4.vcxproj", "{CD93D3B9-01E2-4853-8F8B-57BF01A24645}"
EndProject
Project("{8BC9CEB8-8B4A-11D0-8D11-00A0C91BC942}") = "ДОП-2", "..\ДОП-2\ДОП-2.vcxproj", "{E50B3847-DAD9-442F-8D7E-EAC5CF1A9097}"
EndProject
Project("{8BC9CEB8-8B4A-11D0-8D11-00A0C91BC942}") = "ДОП-1", "..\ДОП-1\ДОП-1.vcxproj", "{9C2C7FF9-1F86-41A3-B473-2B015EC596A0}"
EndProject
Project("{8BC9CEB8-8B4A-11D0-8D11-00A0C91BC942}") = "z1", "..\z1\z1.vcxproj", "{29A4EB66-A1D1-4D8C-B56B-53A813AD208F}"
EndProject
Global
	GlobalSection(SolutionConfigurationPlatforms) = preSolution
		Debug|x64 = Debug|x64
		Debug|x86 = Debug|x86
		Release|x64 = Release|x64
		Release|x86 = Release|x86
	EndGlobalSection
	GlobalSection(ProjectConfigurationPlatforms) = postSolution
		{75D19933-6F36-4D04-BCE3-FA8C5586952A}.Debug|x64.ActiveCfg = Debug|x64
		{75D19933-6F36-4D04-BCE3-FA8C5586952A}.Debug|x64.Build.0 = Debug|x64
		{75D19933-6F36-4D04-BCE3-FA8C5586952A}.Debug|x86.ActiveCfg = Debug|Win32
		{75D19933-6F36-4D04-BCE3-FA8C5586952A}.Debug|x86.Build.0 = Debug|Win32
		{75D19933-6F36-4D04-BCE3-FA8C5586952A}.Release|x64.ActiveCfg = Release|x64
		{75D19933-6F36-4D04-BCE3-FA8C5586952A}.Release|x64.Build.0 = Release|x64
		{75D19933-6F36-4D04-BCE3-FA8C5586952A}.Release|x86.ActiveCfg = Release|Win32
		{75D19933-6F36-4D04-BCE3-FA8C5586952A}.Release|x86.Build.0 = Release|Win32
		{C447A82A-E3FA-432A-9AF7-DF6E22322F93}.Debug|x64.ActiveCfg = Debug|x64
		{C447A82A-E3FA-432A-9AF7-DF6E22322F93}.Debug|x64.Build.0 = Debug|x64
		{C447A82A-E3FA-432A-9AF7-DF6E22322F93}.Debug|x86.ActiveCfg = Debug|Win32
		{C447A82A-E3FA-432A-9AF7-DF6E22322F93}.Debug|x86.Build.0 = Debug|Win32
		{C447A82A-E3FA-432A-9AF7-DF6E22322F93}.Release|x64.ActiveCfg = Release|x64
		{C447A82A-E3FA-432A-9AF7-DF6E22322F93}.Release|x64.Build.0 = Release|x64
		{C447A82A-E3FA-432A-9AF7-DF6E22322F93}.Release|x86.ActiveCfg = Release|Win32
		{C447A82A-E3FA-432A-9AF7-DF6E22322F93}.Release|x86.Build.0 = Release|Win32
		{DBB6893A-0E9A-4433-85D0-342D42B78DB9}.Debug|x64.ActiveCfg = Debug|x64
		{DBB6893A-0E9A-4433-85D0-342D42B78DB9}.Debug|x64.Build.0 = Debug|x64
		{DBB6893A-0E9A-4433-85D0-342D42B78DB9}.Debug|x86.ActiveCfg = Debug|Win32
		{DBB6893A-0E9A-4433-85D0-342D42B78DB9}.Debug|x86.Build.0 = Debug|Win32
		{DBB6893A-0E9A-4433-85D0-342D42B78DB9}.Release|x64.ActiveCfg = Release|x64
		{DBB6893A-0E9A-4433-85D0-342D42B78DB9}.Release|x64.Build.0 = Release|x64
		{DBB6893A-0E9A-4433-85D0-342D42B78DB9}.Release|x86.ActiveCfg = Release|Win32
		{DBB6893A-0E9A-4433-85D0-342D42B78DB9}.Release|x86.Build.0 = Release|Win32
		{CD93D3B9-01E2-4853-8F8B-57BF01A24645}.Debug|x64.ActiveCfg = Debug|x64
		{CD93D3B9-01E2-4853-8F8B-57BF01A24645}.Debug|x64.Build.0 = Debug|x64
		{CD93D3B9-01E2-4853-8F8B-57BF01A24645}.Debug|x86.ActiveCfg = Debug|Win32
		{CD93D3B9-01E2-4853-8F8B-57BF01A24645}.Debug|x86.Build.0 = Debug|Win32
		{CD93D3B9-01E2-4853-8F8B-57BF01A24645}.Release|x64.ActiveCfg = Release|x64
		{CD93D3B9-01E2-4853-8F8B-57BF01A24645}.Release|x64.Build.0 = Release|x64
		{CD93D3B9-01E2-4853-8F8B-57BF01A24645}.Release|x86.ActiveCfg = Release|Win32
		{CD93D3B9-01E2-4853-8F8B-57BF01A24645}.Release|x86.Build.0 = Release|Win32
		{E50B3847-DAD9-442F-8D7E-EAC5CF1A9097}.Debug|x64.ActiveCfg = Debug|x64
		{E50B3847-DAD9-442F-8D7E-EAC5CF1A9097}.Debug|x64.Build.0 = Debug|x64
		{E50B3847-DAD9-442F-8D7E-EAC5CF1A9097}.Debug|x86.ActiveCfg = Debug|Win32
		{E50B3847-DAD9-442F-8D7E-EAC5CF1A9097}.Debug|x86.Build.0 = Debug|Win32
		{E50B3847-DAD9-442F-8D7E-EAC5CF1A9097}.Release|x64.ActiveCfg = Release|x64
		{E50B3847-DAD9-442F-8D7E-EAC5CF1A9097}.Release|x64.Build.0 = Release|x64
		{E50B3847-DAD9-442F-8D7E-EAC5CF1A9097}.Release|x86.ActiveCfg = Release|Win32
		{E50B3847-DAD9-442F-8D7E-EAC5CF1A9097}.Release|x86.Build.0 = Release|Win32
		{9C2C7FF9-1F86-41A3-B473-2B015EC596A0}.Debug|x64.ActiveCfg = Debug|x64
		{9C2C7FF9-1F86-41A3-B473-2B015EC596A0}.Debug|x64.Build.0 = Debug|x64
		{9C2C7FF9-1F86-41A3-B473-2B015EC596A0}.Debug|x86.ActiveCfg = Debug|Win32
		{9C2C7FF9-1F86-41A3-B473-2B015EC596A0}.Debug|x86.Build.0 = Debug|Win32
		{9C2C7FF9-1F86-41A3-B473-2B015EC596A0}.Release|x64.ActiveCfg = Release|x64
		{9C2C7FF9-1F86-41A3-B473-2B015EC596A0}.Release|x64.Build.0 = Release|x64
		{9C2C7FF9-1F86-41A3-B473-2B015EC596A0}.Release|x86.ActiveCfg = Release|Win32
		{9C2C7FF9-1F86-41A3-B473-2B015EC596A0}.Release|x86.Build.0 = Release|Win32
		{29A4EB66-A1D1-4D8C-B56B-53A813AD208F}.Debug|x64.ActiveCfg = Debug|x64
		{29A4EB66-A1D1-4D8C-B56B-53A813AD208F}.Debug|x64.Build.0 = Debug|x64
		{29A4EB66-A1D1-4D8C-B56B-53A813AD208F}.Debug|x86.ActiveCfg = Debug|Win32
		{29A4EB66-A1D1-4D8C-B56B-53A813AD208F}.Debug|x86.Build.0 = Debug|Win32
		{29A4EB66-A1D1-4D8C-B56B-53A813AD208F}.Release|x64.ActiveCfg = Release|x64
		{29A4EB66-A1D1-4D8C-B56B-53A813AD208F}.Release|x64.Build.0 = Release|x64
		{29A4EB66-A1D1-4D8C-B56B-53A813AD208F}.Release|x86.ActiveCfg = Release|Win32
		{29A4EB66-A1D1-4D8C-B56B-53A813AD208F}.Release|x86.Build.0 = Release|Win32
	EndGlobalSection
	GlobalSection(SolutionProperties) = preSolution
		HideSolutionNode = FALSE
	EndGlobalSection
	GlobalSection(ExtensibilityGlobals) = postSolution
		SolutionGuid = {4D067297-5E50-423A-B287-7DAA13F7881C}
	EndGlobalSection
EndGlobal
